
Microsoft Visual Studio Solution File, Format Version 12.00
# Visual Studio 15
VisualStudioVersion = 15.0.26403.7
MinimumVisualStudioVersion = 10.0.40219.1
Project("{FAE04EC0-301F-11D3-BF4B-00C04F79EFBC}") = "MinhasTarefas.Android", "MinhasTarefas\MinhasTarefas.Android\MinhasTarefas.Android.csproj", "{D0690A01-9164-4395-AF16-FE06BEC08C22}"
EndProject
Project("{FAE04EC0-301F-11D3-BF4B-00C04F79EFBC}") = "MinhasTarefas", "MinhasTarefas\MinhasTarefas\MinhasTarefas.csproj", "{6AE49FD4-BA7A-490A-9610-AC76FDB14EE3}"
EndProject
Project("{FAE04EC0-301F-11D3-BF4B-00C04F79EFBC}") = "MinhasTarefas.UWP", "MinhasTarefas\MinhasTarefas.UWP\MinhasTarefas.UWP.csproj", "{5C4EDFAF-F4BA-4EAA-A71A-5F1CEA796554}"
EndProject
Project("{FAE04EC0-301F-11D3-BF4B-00C04F79EFBC}") = "MinhasTarefas.iOS", "MinhasTarefas\MinhasTarefas.iOS\MinhasTarefas.iOS.csproj", "{2E53AE68-4C50-43D0-9BAF-4BE5DAE94761}"
EndProject
Global
	GlobalSection(SolutionConfigurationPlatforms) = preSolution
		Ad-Hoc|Any CPU = Ad-Hoc|Any CPU
		Ad-Hoc|ARM = Ad-Hoc|ARM
		Ad-Hoc|iPhone = Ad-Hoc|iPhone
		Ad-Hoc|iPhoneSimulator = Ad-Hoc|iPhoneSimulator
		Ad-Hoc|x64 = Ad-Hoc|x64
		Ad-Hoc|x86 = Ad-Hoc|x86
		AppStore|Any CPU = AppStore|Any CPU
		AppStore|ARM = AppStore|ARM
		AppStore|iPhone = AppStore|iPhone
		AppStore|iPhoneSimulator = AppStore|iPhoneSimulator
		AppStore|x64 = AppStore|x64
		AppStore|x86 = AppStore|x86
		Debug|Any CPU = Debug|Any CPU
		Debug|ARM = Debug|ARM
		Debug|iPhone = Debug|iPhone
		Debug|iPhoneSimulator = Debug|iPhoneSimulator
		Debug|x64 = Debug|x64
		Debug|x86 = Debug|x86
		Release|Any CPU = Release|Any CPU
		Release|ARM = Release|ARM
		Release|iPhone = Release|iPhone
		Release|iPhoneSimulator = Release|iPhoneSimulator
		Release|x64 = Release|x64
		Release|x86 = Release|x86
	EndGlobalSection
	GlobalSection(ProjectConfigurationPlatforms) = postSolution
		{D0690A01-9164-4395-AF16-FE06BEC08C22}.Ad-Hoc|Any CPU.ActiveCfg = Release|Any CPU
		{D0690A01-9164-4395-AF16-FE06BEC08C22}.Ad-Hoc|Any CPU.Build.0 = Release|Any CPU
		{D0690A01-9164-4395-AF16-FE06BEC08C22}.Ad-Hoc|Any CPU.Deploy.0 = Release|Any CPU
		{D0690A01-9164-4395-AF16-FE06BEC08C22}.Ad-Hoc|ARM.ActiveCfg = Release|Any CPU
		{D0690A01-9164-4395-AF16-FE06BEC08C22}.Ad-Hoc|ARM.Build.0 = Release|Any CPU
		{D0690A01-9164-4395-AF16-FE06BEC08C22}.Ad-Hoc|ARM.Deploy.0 = Release|Any CPU
		{D0690A01-9164-4395-AF16-FE06BEC08C22}.Ad-Hoc|iPhone.ActiveCfg = Release|Any CPU
		{D0690A01-9164-4395-AF16-FE06BEC08C22}.Ad-Hoc|iPhone.Build.0 = Release|Any CPU
		{D0690A01-9164-4395-AF16-FE06BEC08C22}.Ad-Hoc|iPhone.Deploy.0 = Release|Any CPU
		{D0690A01-9164-4395-AF16-FE06BEC08C22}.Ad-Hoc|iPhoneSimulator.ActiveCfg = Release|Any CPU
		{D0690A01-9164-4395-AF16-FE06BEC08C22}.Ad-Hoc|iPhoneSimulator.Build.0 = Release|Any CPU
		{D0690A01-9164-4395-AF16-FE06BEC08C22}.Ad-Hoc|iPhoneSimulator.Deploy.0 = Release|Any CPU
		{D0690A01-9164-4395-AF16-FE06BEC08C22}.Ad-Hoc|x64.ActiveCfg = Release|Any CPU
		{D0690A01-9164-4395-AF16-FE06BEC08C22}.Ad-Hoc|x64.Build.0 = Release|Any CPU
		{D0690A01-9164-4395-AF16-FE06BEC08C22}.Ad-Hoc|x64.Deploy.0 = Release|Any CPU
		{D0690A01-9164-4395-AF16-FE06BEC08C22}.Ad-Hoc|x86.ActiveCfg = Release|Any CPU
		{D0690A01-9164-4395-AF16-FE06BEC08C22}.Ad-Hoc|x86.Build.0 = Release|Any CPU
		{D0690A01-9164-4395-AF16-FE06BEC08C22}.Ad-Hoc|x86.Deploy.0 = Release|Any CPU
		{D0690A01-9164-4395-AF16-FE06BEC08C22}.AppStore|Any CPU.ActiveCfg = Release|Any CPU
		{D0690A01-9164-4395-AF16-FE06BEC08C22}.AppStore|Any CPU.Build.0 = Release|Any CPU
		{D0690A01-9164-4395-AF16-FE06BEC08C22}.AppStore|Any CPU.Deploy.0 = Release|Any CPU
		{D0690A01-9164-4395-AF16-FE06BEC08C22}.AppStore|ARM.ActiveCfg = Release|Any CPU
		{D0690A01-9164-4395-AF16-FE06BEC08C22}.AppStore|ARM.Build.0 = Release|Any CPU
		{D0690A01-9164-4395-AF16-FE06BEC08C22}.AppStore|ARM.Deploy.0 = Release|Any CPU
		{D0690A01-9164-4395-AF16-FE06BEC08C22}.AppStore|iPhone.ActiveCfg = Release|Any CPU
		{D0690A01-9164-4395-AF16-FE06BEC08C22}.AppStore|iPhone.Build.0 = Release|Any CPU
		{D0690A01-9164-4395-AF16-FE06BEC08C22}.AppStore|iPhone.Deploy.0 = Release|Any CPU
		{D0690A01-9164-4395-AF16-FE06BEC08C22}.AppStore|iPhoneSimulator.ActiveCfg = Release|Any CPU
		{D0690A01-9164-4395-AF16-FE06BEC08C22}.AppStore|iPhoneSimulator.Build.0 = Release|Any CPU
		{D0690A01-9164-4395-AF16-FE06BEC08C22}.AppStore|iPhoneSimulator.Deploy.0 = Release|Any CPU
		{D0690A01-9164-4395-AF16-FE06BEC08C22}.AppStore|x64.ActiveCfg = Release|Any CPU
		{D0690A01-9164-4395-AF16-FE06BEC08C22}.AppStore|x64.Build.0 = Release|Any CPU
		{D0690A01-9164-4395-AF16-FE06BEC08C22}.AppStore|x64.Deploy.0 = Release|Any CPU
		{D0690A01-9164-4395-AF16-FE06BEC08C22}.AppStore|x86.ActiveCfg = Release|Any CPU
		{D0690A01-9164-4395-AF16-FE06BEC08C22}.AppStore|x86.Build.0 = Release|Any CPU
		{D0690A01-9164-4395-AF16-FE06BEC08C22}.AppStore|x86.Deploy.0 = Release|Any CPU
		{D0690A01-9164-4395-AF16-FE06BEC08C22}.Debug|Any CPU.ActiveCfg = Debug|Any CPU
		{D0690A01-9164-4395-AF16-FE06BEC08C22}.Debug|Any CPU.Build.0 = Debug|Any CPU
		{D0690A01-9164-4395-AF16-FE06BEC08C22}.Debug|Any CPU.Deploy.0 = Debug|Any CPU
		{D0690A01-9164-4395-AF16-FE06BEC08C22}.Debug|ARM.ActiveCfg = Debug|Any CPU
		{D0690A01-9164-4395-AF16-FE06BEC08C22}.Debug|ARM.Build.0 = Debug|Any CPU
		{D0690A01-9164-4395-AF16-FE06BEC08C22}.Debug|ARM.Deploy.0 = Debug|Any CPU
		{D0690A01-9164-4395-AF16-FE06BEC08C22}.Debug|iPhone.ActiveCfg = Debug|Any CPU
		{D0690A01-9164-4395-AF16-FE06BEC08C22}.Debug|iPhone.Build.0 = Debug|Any CPU
		{D0690A01-9164-4395-AF16-FE06BEC08C22}.Debug|iPhone.Deploy.0 = Debug|Any CPU
		{D0690A01-9164-4395-AF16-FE06BEC08C22}.Debug|iPhoneSimulator.ActiveCfg = Debug|Any CPU
		{D0690A01-9164-4395-AF16-FE06BEC08C22}.Debug|iPhoneSimulator.Build.0 = Debug|Any CPU
		{D0690A01-9164-4395-AF16-FE06BEC08C22}.Debug|iPhoneSimulator.Deploy.0 = Debug|Any CPU
		{D0690A01-9164-4395-AF16-FE06BEC08C22}.Debug|x64.ActiveCfg = Debug|Any CPU
		{D0690A01-9164-4395-AF16-FE06BEC08C22}.Debug|x64.Build.0 = Debug|Any CPU
		{D0690A01-9164-4395-AF16-FE06BEC08C22}.Debug|x64.Deploy.0 = Debug|Any CPU
		{D0690A01-9164-4395-AF16-FE06BEC08C22}.Debug|x86.ActiveCfg = Debug|Any CPU
		{D0690A01-9164-4395-AF16-FE06BEC08C22}.Debug|x86.Build.0 = Debug|Any CPU
		{D0690A01-9164-4395-AF16-FE06BEC08C22}.Debug|x86.Deploy.0 = Debug|Any CPU
		{D0690A01-9164-4395-AF16-FE06BEC08C22}.Release|Any CPU.ActiveCfg = Release|Any CPU
		{D0690A01-9164-4395-AF16-FE06BEC08C22}.Release|Any CPU.Build.0 = Release|Any CPU
		{D0690A01-9164-4395-AF16-FE06BEC08C22}.Release|Any CPU.Deploy.0 = Release|Any CPU
		{D0690A01-9164-4395-AF16-FE06BEC08C22}.Release|ARM.ActiveCfg = Release|Any CPU
		{D0690A01-9164-4395-AF16-FE06BEC08C22}.Release|ARM.Build.0 = Release|Any CPU
		{D0690A01-9164-4395-AF16-FE06BEC08C22}.Release|ARM.Deploy.0 = Release|Any CPU
		{D0690A01-9164-4395-AF16-FE06BEC08C22}.Release|iPhone.ActiveCfg = Release|Any CPU
		{D0690A01-9164-4395-AF16-FE06BEC08C22}.Release|iPhone.Build.0 = Release|Any CPU
		{D0690A01-9164-4395-AF16-FE06BEC08C22}.Release|iPhone.Deploy.0 = Release|Any CPU
		{D0690A01-9164-4395-AF16-FE06BEC08C22}.Release|iPhoneSimulator.ActiveCfg = Release|Any CPU
		{D0690A01-9164-4395-AF16-FE06BEC08C22}.Release|iPhoneSimulator.Build.0 = Release|Any CPU
		{D0690A01-9164-4395-AF16-FE06BEC08C22}.Release|iPhoneSimulator.Deploy.0 = Release|Any CPU
		{D0690A01-9164-4395-AF16-FE06BEC08C22}.Release|x64.ActiveCfg = Release|Any CPU
		{D0690A01-9164-4395-AF16-FE06BEC08C22}.Release|x64.Build.0 = Release|Any CPU
		{D0690A01-9164-4395-AF16-FE06BEC08C22}.Release|x64.Deploy.0 = Release|Any CPU
		{D0690A01-9164-4395-AF16-FE06BEC08C22}.Release|x86.ActiveCfg = Release|Any CPU
		{D0690A01-9164-4395-AF16-FE06BEC08C22}.Release|x86.Build.0 = Release|Any CPU
		{D0690A01-9164-4395-AF16-FE06BEC08C22}.Release|x86.Deploy.0 = Release|Any CPU
		{6AE49FD4-BA7A-490A-9610-AC76FDB14EE3}.Ad-Hoc|Any CPU.ActiveCfg = Release|Any CPU
		{6AE49FD4-BA7A-490A-9610-AC76FDB14EE3}.Ad-Hoc|Any CPU.Build.0 = Release|Any CPU
		{6AE49FD4-BA7A-490A-9610-AC76FDB14EE3}.Ad-Hoc|ARM.ActiveCfg = Release|Any CPU
		{6AE49FD4-BA7A-490A-9610-AC76FDB14EE3}.Ad-Hoc|ARM.Build.0 = Release|Any CPU
		{6AE49FD4-BA7A-490A-9610-AC76FDB14EE3}.Ad-Hoc|iPhone.ActiveCfg = Release|Any CPU
		{6AE49FD4-BA7A-490A-9610-AC76FDB14EE3}.Ad-Hoc|iPhone.Build.0 = Release|Any CPU
		{6AE49FD4-BA7A-490A-9610-AC76FDB14EE3}.Ad-Hoc|iPhoneSimulator.ActiveCfg = Release|Any CPU
		{6AE49FD4-BA7A-490A-9610-AC76FDB14EE3}.Ad-Hoc|iPhoneSimulator.Build.0 = Release|Any CPU
		{6AE49FD4-BA7A-490A-9610-AC76FDB14EE3}.Ad-Hoc|x64.ActiveCfg = Release|Any CPU
		{6AE49FD4-BA7A-490A-9610-AC76FDB14EE3}.Ad-Hoc|x64.Build.0 = Release|Any CPU
		{6AE49FD4-BA7A-490A-9610-AC76FDB14EE3}.Ad-Hoc|x86.ActiveCfg = Release|Any CPU
		{6AE49FD4-BA7A-490A-9610-AC76FDB14EE3}.Ad-Hoc|x86.Build.0 = Release|Any CPU
		{6AE49FD4-BA7A-490A-9610-AC76FDB14EE3}.AppStore|Any CPU.ActiveCfg = Release|Any CPU
		{6AE49FD4-BA7A-490A-9610-AC76FDB14EE3}.AppStore|Any CPU.Build.0 = Release|Any CPU
		{6AE49FD4-BA7A-490A-9610-AC76FDB14EE3}.AppStore|ARM.ActiveCfg = Release|Any CPU
		{6AE49FD4-BA7A-490A-9610-AC76FDB14EE3}.AppStore|ARM.Build.0 = Release|Any CPU
		{6AE49FD4-BA7A-490A-9610-AC76FDB14EE3}.AppStore|iPhone.ActiveCfg = Release|Any CPU
		{6AE49FD4-BA7A-490A-9610-AC76FDB14EE3}.AppStore|iPhone.Build.0 = Release|Any CPU
		{6AE49FD4-BA7A-490A-9610-AC76FDB14EE3}.AppStore|iPhoneSimulator.ActiveCfg = Release|Any CPU
		{6AE49FD4-BA7A-490A-9610-AC76FDB14EE3}.AppStore|iPhoneSimulator.Build.0 = Release|Any CPU
		{6AE49FD4-BA7A-490A-9610-AC76FDB14EE3}.AppStore|x64.ActiveCfg = Release|Any CPU
		{6AE49FD4-BA7A-490A-9610-AC76FDB14EE3}.AppStore|x64.Build.0 = Release|Any CPU
		{6AE49FD4-BA7A-490A-9610-AC76FDB14EE3}.AppStore|x86.ActiveCfg = Release|Any CPU
		{6AE49FD4-BA7A-490A-9610-AC76FDB14EE3}.AppStore|x86.Build.0 = Release|Any CPU
		{6AE49FD4-BA7A-490A-9610-AC76FDB14EE3}.Debug|Any CPU.ActiveCfg = Debug|Any CPU
		{6AE49FD4-BA7A-490A-9610-AC76FDB14EE3}.Debug|Any CPU.Build.0 = Debug|Any CPU
		{6AE49FD4-BA7A-490A-9610-AC76FDB14EE3}.Debug|ARM.ActiveCfg = Debug|Any CPU
		{6AE49FD4-BA7A-490A-9610-AC76FDB14EE3}.Debug|ARM.Build.0 = Debug|Any CPU
		{6AE49FD4-BA7A-490A-9610-AC76FDB14EE3}.Debug|iPhone.ActiveCfg = Debug|Any CPU
		{6AE49FD4-BA7A-490A-9610-AC76FDB14EE3}.Debug|iPhone.Build.0 = Debug|Any CPU
		{6AE49FD4-BA7A-490A-9610-AC76FDB14EE3}.Debug|iPhoneSimulator.ActiveCfg = Debug|Any CPU
		{6AE49FD4-BA7A-490A-9610-AC76FDB14EE3}.Debug|iPhoneSimulator.Build.0 = Debug|Any CPU
		{6AE49FD4-BA7A-490A-9610-AC76FDB14EE3}.Debug|x64.ActiveCfg = Debug|Any CPU
		{6AE49FD4-BA7A-490A-9610-AC76FDB14EE3}.Debug|x64.Build.0 = Debug|Any CPU
		{6AE49FD4-BA7A-490A-9610-AC76FDB14EE3}.Debug|x86.ActiveCfg = Debug|Any CPU
		{6AE49FD4-BA7A-490A-9610-AC76FDB14EE3}.Debug|x86.Build.0 = Debug|Any CPU
		{6AE49FD4-BA7A-490A-9610-AC76FDB14EE3}.Release|Any CPU.ActiveCfg = Release|Any CPU
		{6AE49FD4-BA7A-490A-9610-AC76FDB14EE3}.Release|Any CPU.Build.0 = Release|Any CPU
		{6AE49FD4-BA7A-490A-9610-AC76FDB14EE3}.Release|ARM.ActiveCfg = Release|Any CPU
		{6AE49FD4-BA7A-490A-9610-AC76FDB14EE3}.Release|ARM.Build.0 = Release|Any CPU
		{6AE49FD4-BA7A-490A-9610-AC76FDB14EE3}.Release|iPhone.ActiveCfg = Release|Any CPU
		{6AE49FD4-BA7A-490A-9610-AC76FDB14EE3}.Release|iPhone.Build.0 = Release|Any CPU
		{6AE49FD4-BA7A-490A-9610-AC76FDB14EE3}.Release|iPhoneSimulator.ActiveCfg = Release|Any CPU
		{6AE49FD4-BA7A-490A-9610-AC76FDB14EE3}.Release|iPhoneSimulator.Build.0 = Release|Any CPU
		{6AE49FD4-BA7A-490A-9610-AC76FDB14EE3}.Release|x64.ActiveCfg = Release|Any CPU
		{6AE49FD4-BA7A-490A-9610-AC76FDB14EE3}.Release|x64.Build.0 = Release|Any CPU
		{6AE49FD4-BA7A-490A-9610-AC76FDB14EE3}.Release|x86.ActiveCfg = Release|Any CPU
		{6AE49FD4-BA7A-490A-9610-AC76FDB14EE3}.Release|x86.Build.0 = Release|Any CPU
		{5C4EDFAF-F4BA-4EAA-A71A-5F1CEA796554}.Ad-Hoc|Any CPU.ActiveCfg = Release|x86
		{5C4EDFAF-F4BA-4EAA-A71A-5F1CEA796554}.Ad-Hoc|Any CPU.Build.0 = Release|x86
		{5C4EDFAF-F4BA-4EAA-A71A-5F1CEA796554}.Ad-Hoc|Any CPU.Deploy.0 = Release|x86
		{5C4EDFAF-F4BA-4EAA-A71A-5F1CEA796554}.Ad-Hoc|ARM.ActiveCfg = Release|ARM
		{5C4EDFAF-F4BA-4EAA-A71A-5F1CEA796554}.Ad-Hoc|ARM.Build.0 = Release|ARM
		{5C4EDFAF-F4BA-4EAA-A71A-5F1CEA796554}.Ad-Hoc|ARM.Deploy.0 = Release|ARM
		{5C4EDFAF-F4BA-4EAA-A71A-5F1CEA796554}.Ad-Hoc|iPhone.ActiveCfg = Release|x86
		{5C4EDFAF-F4BA-4EAA-A71A-5F1CEA796554}.Ad-Hoc|iPhone.Build.0 = Release|x86
		{5C4EDFAF-F4BA-4EAA-A71A-5F1CEA796554}.Ad-Hoc|iPhone.Deploy.0 = Release|x86
		{5C4EDFAF-F4BA-4EAA-A71A-5F1CEA796554}.Ad-Hoc|iPhoneSimulator.ActiveCfg = Release|x86
		{5C4EDFAF-F4BA-4EAA-A71A-5F1CEA796554}.Ad-Hoc|iPhoneSimulator.Build.0 = Release|x86
		{5C4EDFAF-F4BA-4EAA-A71A-5F1CEA796554}.Ad-Hoc|iPhoneSimulator.Deploy.0 = Release|x86
		{5C4EDFAF-F4BA-4EAA-A71A-5F1CEA796554}.Ad-Hoc|x64.ActiveCfg = Release|x64
		{5C4EDFAF-F4BA-4EAA-A71A-5F1CEA796554}.Ad-Hoc|x64.Build.0 = Release|x64
		{5C4EDFAF-F4BA-4EAA-A71A-5F1CEA796554}.Ad-Hoc|x64.Deploy.0 = Release|x64
		{5C4EDFAF-F4BA-4EAA-A71A-5F1CEA796554}.Ad-Hoc|x86.ActiveCfg = Release|x86
		{5C4EDFAF-F4BA-4EAA-A71A-5F1CEA796554}.Ad-Hoc|x86.Build.0 = Release|x86
		{5C4EDFAF-F4BA-4EAA-A71A-5F1CEA796554}.Ad-Hoc|x86.Deploy.0 = Release|x86
		{5C4EDFAF-F4BA-4EAA-A71A-5F1CEA796554}.AppStore|Any CPU.ActiveCfg = Release|x86
		{5C4EDFAF-F4BA-4EAA-A71A-5F1CEA796554}.AppStore|Any CPU.Build.0 = Release|x86
		{5C4EDFAF-F4BA-4EAA-A71A-5F1CEA796554}.AppStore|Any CPU.Deploy.0 = Release|x86
		{5C4EDFAF-F4BA-4EAA-A71A-5F1CEA796554}.AppStore|ARM.ActiveCfg = Release|ARM
		{5C4EDFAF-F4BA-4EAA-A71A-5F1CEA796554}.AppStore|ARM.Build.0 = Release|ARM
		{5C4EDFAF-F4BA-4EAA-A71A-5F1CEA796554}.AppStore|ARM.Deploy.0 = Release|ARM
		{5C4EDFAF-F4BA-4EAA-A71A-5F1CEA796554}.AppStore|iPhone.ActiveCfg = Release|x86
		{5C4EDFAF-F4BA-4EAA-A71A-5F1CEA796554}.AppStore|iPhone.Build.0 = Release|x86
		{5C4EDFAF-F4BA-4EAA-A71A-5F1CEA796554}.AppStore|iPhone.Deploy.0 = Release|x86
		{5C4EDFAF-F4BA-4EAA-A71A-5F1CEA796554}.AppStore|iPhoneSimulator.ActiveCfg = Release|x86
		{5C4EDFAF-F4BA-4EAA-A71A-5F1CEA796554}.AppStore|iPhoneSimulator.Build.0 = Release|x86
		{5C4EDFAF-F4BA-4EAA-A71A-5F1CEA796554}.AppStore|iPhoneSimulator.Deploy.0 = Release|x86
		{5C4EDFAF-F4BA-4EAA-A71A-5F1CEA796554}.AppStore|x64.ActiveCfg = Release|x64
		{5C4EDFAF-F4BA-4EAA-A71A-5F1CEA796554}.AppStore|x64.Build.0 = Release|x64
		{5C4EDFAF-F4BA-4EAA-A71A-5F1CEA796554}.AppStore|x64.Deploy.0 = Release|x64
		{5C4EDFAF-F4BA-4EAA-A71A-5F1CEA796554}.AppStore|x86.ActiveCfg = Release|x86
		{5C4EDFAF-F4BA-4EAA-A71A-5F1CEA796554}.AppStore|x86.Build.0 = Release|x86
		{5C4EDFAF-F4BA-4EAA-A71A-5F1CEA796554}.AppStore|x86.Deploy.0 = Release|x86
		{5C4EDFAF-F4BA-4EAA-A71A-5F1CEA796554}.Debug|Any CPU.ActiveCfg = Debug|x86
		{5C4EDFAF-F4BA-4EAA-A71A-5F1CEA796554}.Debug|ARM.ActiveCfg = Debug|ARM
		{5C4EDFAF-F4BA-4EAA-A71A-5F1CEA796554}.Debug|ARM.Build.0 = Debug|ARM
		{5C4EDFAF-F4BA-4EAA-A71A-5F1CEA796554}.Debug|ARM.Deploy.0 = Debug|ARM
		{5C4EDFAF-F4BA-4EAA-A71A-5F1CEA796554}.Debug|iPhone.ActiveCfg = Debug|x86
		{5C4EDFAF-F4BA-4EAA-A71A-5F1CEA796554}.Debug|iPhoneSimulator.ActiveCfg = Debug|x86
		{5C4EDFAF-F4BA-4EAA-A71A-5F1CEA796554}.Debug|x64.ActiveCfg = Debug|x64
		{5C4EDFAF-F4BA-4EAA-A71A-5F1CEA796554}.Debug|x64.Build.0 = Debug|x64
		{5C4EDFAF-F4BA-4EAA-A71A-5F1CEA796554}.Debug|x64.Deploy.0 = Debug|x64
		{5C4EDFAF-F4BA-4EAA-A71A-5F1CEA796554}.Debug|x86.ActiveCfg = Debug|x86
		{5C4EDFAF-F4BA-4EAA-A71A-5F1CEA796554}.Debug|x86.Build.0 = Debug|x86
		{5C4EDFAF-F4BA-4EAA-A71A-5F1CEA796554}.Debug|x86.Deploy.0 = Debug|x86
		{5C4EDFAF-F4BA-4EAA-A71A-5F1CEA796554}.Release|Any CPU.ActiveCfg = Release|x86
		{5C4EDFAF-F4BA-4EAA-A71A-5F1CEA796554}.Release|ARM.ActiveCfg = Release|ARM
		{5C4EDFAF-F4BA-4EAA-A71A-5F1CEA796554}.Release|ARM.Build.0 = Release|ARM
		{5C4EDFAF-F4BA-4EAA-A71A-5F1CEA796554}.Release|ARM.Deploy.0 = Release|ARM
		{5C4EDFAF-F4BA-4EAA-A71A-5F1CEA796554}.Release|iPhone.ActiveCfg = Release|x86
		{5C4EDFAF-F4BA-4EAA-A71A-5F1CEA796554}.Release|iPhoneSimulator.ActiveCfg = Release|x86
		{5C4EDFAF-F4BA-4EAA-A71A-5F1CEA796554}.Release|x64.ActiveCfg = Release|x64
		{5C4EDFAF-F4BA-4EAA-A71A-5F1CEA796554}.Release|x64.Build.0 = Release|x64
		{5C4EDFAF-F4BA-4EAA-A71A-5F1CEA796554}.Release|x64.Deploy.0 = Release|x64
		{5C4EDFAF-F4BA-4EAA-A71A-5F1CEA796554}.Release|x86.ActiveCfg = Release|x86
		{5C4EDFAF-F4BA-4EAA-A71A-5F1CEA796554}.Release|x86.Build.0 = Release|x86
		{5C4EDFAF-F4BA-4EAA-A71A-5F1CEA796554}.Release|x86.Deploy.0 = Release|x86
		{2E53AE68-4C50-43D0-9BAF-4BE5DAE94761}.Ad-Hoc|Any CPU.ActiveCfg = Ad-Hoc|iPhone
		{2E53AE68-4C50-43D0-9BAF-4BE5DAE94761}.Ad-Hoc|ARM.ActiveCfg = Ad-Hoc|iPhone
		{2E53AE68-4C50-43D0-9BAF-4BE5DAE94761}.Ad-Hoc|iPhone.ActiveCfg = Ad-Hoc|iPhone
		{2E53AE68-4C50-43D0-9BAF-4BE5DAE94761}.Ad-Hoc|iPhone.Build.0 = Ad-Hoc|iPhone
		{2E53AE68-4C50-43D0-9BAF-4BE5DAE94761}.Ad-Hoc|iPhoneSimulator.ActiveCfg = Ad-Hoc|iPhoneSimulator
		{2E53AE68-4C50-43D0-9BAF-4BE5DAE94761}.Ad-Hoc|iPhoneSimulator.Build.0 = Ad-Hoc|iPhoneSimulator
		{2E53AE68-4C50-43D0-9BAF-4BE5DAE94761}.Ad-Hoc|x64.ActiveCfg = Ad-Hoc|iPhone
		{2E53AE68-4C50-43D0-9BAF-4BE5DAE94761}.Ad-Hoc|x86.ActiveCfg = Ad-Hoc|iPhone
		{2E53AE68-4C50-43D0-9BAF-4BE5DAE94761}.AppStore|Any CPU.ActiveCfg = AppStore|iPhone
		{2E53AE68-4C50-43D0-9BAF-4BE5DAE94761}.AppStore|ARM.ActiveCfg = AppStore|iPhone
		{2E53AE68-4C50-43D0-9BAF-4BE5DAE94761}.AppStore|iPhone.ActiveCfg = AppStore|iPhone
		{2E53AE68-4C50-43D0-9BAF-4BE5DAE94761}.AppStore|iPhone.Build.0 = AppStore|iPhone
		{2E53AE68-4C50-43D0-9BAF-4BE5DAE94761}.AppStore|iPhoneSimulator.ActiveCfg = AppStore|iPhoneSimulator
		{2E53AE68-4C50-43D0-9BAF-4BE5DAE94761}.AppStore|iPhoneSimulator.Build.0 = AppStore|iPhoneSimulator
		{2E53AE68-4C50-43D0-9BAF-4BE5DAE94761}.AppStore|x64.ActiveCfg = AppStore|iPhone
		{2E53AE68-4C50-43D0-9BAF-4BE5DAE94761}.AppStore|x86.ActiveCfg = AppStore|iPhone
		{2E53AE68-4C50-43D0-9BAF-4BE5DAE94761}.Debug|Any CPU.ActiveCfg = Debug|iPhone
		{2E53AE68-4C50-43D0-9BAF-4BE5DAE94761}.Debug|ARM.ActiveCfg = Debug|iPhone
		{2E53AE68-4C50-43D0-9BAF-4BE5DAE94761}.Debug|iPhone.ActiveCfg = Debug|iPhone
		{2E53AE68-4C50-43D0-9BAF-4BE5DAE94761}.Debug|iPhone.Build.0 = Debug|iPhone
		{2E53AE68-4C50-43D0-9BAF-4BE5DAE94761}.Debug|iPhoneSimulator.ActiveCfg = Debug|iPhoneSimulator
		{2E53AE68-4C50-43D0-9BAF-4BE5DAE94761}.Debug|iPhoneSimulator.Build.0 = Debug|iPhoneSimulator
		{2E53AE68-4C50-43D0-9BAF-4BE5DAE94761}.Debug|x64.ActiveCfg = Debug|iPhone
		{2E53AE68-4C50-43D0-9BAF-4BE5DAE94761}.Debug|x86.ActiveCfg = Debug|iPhone
		{2E53AE68-4C50-43D0-9BAF-4BE5DAE94761}.Release|Any CPU.ActiveCfg = Release|iPhone
		{2E53AE68-4C50-43D0-9BAF-4BE5DAE94761}.Release|ARM.ActiveCfg = Release|iPhone
		{2E53AE68-4C50-43D0-9BAF-4BE5DAE94761}.Release|iPhone.ActiveCfg = Release|iPhone
		{2E53AE68-4C50-43D0-9BAF-4BE5DAE94761}.Release|iPhone.Build.0 = Release|iPhone
		{2E53AE68-4C50-43D0-9BAF-4BE5DAE94761}.Release|iPhoneSimulator.ActiveCfg = Release|iPhoneSimulator
		{2E53AE68-4C50-43D0-9BAF-4BE5DAE94761}.Release|iPhoneSimulator.Build.0 = Release|iPhoneSimulator
		{2E53AE68-4C50-43D0-9BAF-4BE5DAE94761}.Release|x64.ActiveCfg = Release|iPhone
		{2E53AE68-4C50-43D0-9BAF-4BE5DAE94761}.Release|x86.ActiveCfg = Release|iPhone
	EndGlobalSection
	GlobalSection(SolutionProperties) = preSolution
		HideSolutionNode = FALSE
	EndGlobalSection
EndGlobal
